// !$*UTF8*$!
{
	archiveVersion = 1;
	classes = {
	};
	objectVersion = 50;
	objects = {

/* Begin PBXBuildFile section */
		EB4B145920CC450100EC1349 /* AppDelegate.swift in Sources */ = {isa = PBXBuildFile; fileRef = EB4B145820CC450100EC1349 /* AppDelegate.swift */; };
		EB4B145B20CC450100EC1349 /* ViewController.swift in Sources */ = {isa = PBXBuildFile; fileRef = EB4B145A20CC450100EC1349 /* ViewController.swift */; };
		EB4B145E20CC450100EC1349 /* Main.storyboard in Resources */ = {isa = PBXBuildFile; fileRef = EB4B145C20CC450100EC1349 /* Main.storyboard */; };
		EB4B146020CC450200EC1349 /* Assets.xcassets in Resources */ = {isa = PBXBuildFile; fileRef = EB4B145F20CC450200EC1349 /* Assets.xcassets */; };
		EB4B146320CC450200EC1349 /* LaunchScreen.storyboard in Resources */ = {isa = PBXBuildFile; fileRef = EB4B146120CC450200EC1349 /* LaunchScreen.storyboard */; };
		EB4B146E20CC450200EC1349 /* LoginTests.swift in Sources */ = {isa = PBXBuildFile; fileRef = EB4B146D20CC450200EC1349 /* LoginTests.swift */; };
		EB4B147920CC450200EC1349 /* LoginUITests.swift in Sources */ = {isa = PBXBuildFile; fileRef = EB4B147820CC450200EC1349 /* LoginUITests.swift */; };
/* End PBXBuildFile section */

/* Begin PBXContainerItemProxy section */
		EB4B146A20CC450200EC1349 /* PBXContainerItemProxy */ = {
			isa = PBXContainerItemProxy;
			containerPortal = EB4B144D20CC450100EC1349 /* Project object */;
			proxyType = 1;
			remoteGlobalIDString = EB4B145420CC450100EC1349;
			remoteInfo = Login;
		};
		EB4B147520CC450200EC1349 /* PBXContainerItemProxy */ = {
			isa = PBXContainerItemProxy;
			containerPortal = EB4B144D20CC450100EC1349 /* Project object */;
			proxyType = 1;
			remoteGlobalIDString = EB4B145420CC450100EC1349;
			remoteInfo = Login;
		};
/* End PBXContainerItemProxy section */

/* Begin PBXFileReference section */
		EB4B145520CC450100EC1349 /* Login.app */ = {isa = PBXFileReference; explicitFileType = wrapper.application; includeInIndex = 0; path = Login.app; sourceTree = BUILT_PRODUCTS_DIR; };
		EB4B145820CC450100EC1349 /* AppDelegate.swift */ = {isa = PBXFileReference; lastKnownFileType = sourcecode.swift; path = AppDelegate.swift; sourceTree = "<group>"; };
		EB4B145A20CC450100EC1349 /* ViewController.swift */ = {isa = PBXFileReference; lastKnownFileType = sourcecode.swift; path = ViewController.swift; sourceTree = "<group>"; };
		EB4B145D20CC450100EC1349 /* Base */ = {isa = PBXFileReference; lastKnownFileType = file.storyboard; name = Base; path = Base.lproj/Main.storyboard; sourceTree = "<group>"; };
		EB4B145F20CC450200EC1349 /* Assets.xcassets */ = {isa = PBXFileReference; lastKnownFileType = folder.assetcatalog; path = Assets.xcassets; sourceTree = "<group>"; };
		EB4B146220CC450200EC1349 /* Base */ = {isa = PBXFileReference; lastKnownFileType = file.storyboard; name = Base; path = Base.lproj/LaunchScreen.storyboard; sourceTree = "<group>"; };
		EB4B146420CC450200EC1349 /* Info.plist */ = {isa = PBXFileReference; lastKnownFileType = text.plist.xml; path = Info.plist; sourceTree = "<group>"; };
		EB4B146920CC450200EC1349 /* LoginTests.xctest */ = {isa = PBXFileReference; explicitFileType = wrapper.cfbundle; includeInIndex = 0; path = LoginTests.xctest; sourceTree = BUILT_PRODUCTS_DIR; };
		EB4B146D20CC450200EC1349 /* LoginTests.swift */ = {isa = PBXFileReference; lastKnownFileType = sourcecode.swift; path = LoginTests.swift; sourceTree = "<group>"; };
		EB4B146F20CC450200EC1349 /* Info.plist */ = {isa = PBXFileReference; lastKnownFileType = text.plist.xml; path = Info.plist; sourceTree = "<group>"; };
		EB4B147420CC450200EC1349 /* LoginUITests.xctest */ = {isa = PBXFileReference; explicitFileType = wrapper.cfbundle; includeInIndex = 0; path = LoginUITests.xctest; sourceTree = BUILT_PRODUCTS_DIR; };
		EB4B147820CC450200EC1349 /* LoginUITests.swift */ = {isa = PBXFileReference; lastKnownFileType = sourcecode.swift; path = LoginUITests.swift; sourceTree = "<group>"; };
		EB4B147A20CC450200EC1349 /* Info.plist */ = {isa = PBXFileReference; lastKnownFileType = text.plist.xml; path = Info.plist; sourceTree = "<group>"; };
/* End PBXFileReference section */

/* Begin PBXFrameworksBuildPhase section */
		EB4B145220CC450100EC1349 /* Frameworks */ = {
			isa = PBXFrameworksBuildPhase;
			buildActionMask = 2147483647;
			files = (
			);
			runOnlyForDeploymentPostprocessing = 0;
		};
		EB4B146620CC450200EC1349 /* Frameworks */ = {
			isa = PBXFrameworksBuildPhase;
			buildActionMask = 2147483647;
			files = (
			);
			runOnlyForDeploymentPostprocessing = 0;
		};
		EB4B147120CC450200EC1349 /* Frameworks */ = {
			isa = PBXFrameworksBuildPhase;
			buildActionMask = 2147483647;
			files = (
			);
			runOnlyForDeploymentPostprocessing = 0;
		};
/* End PBXFrameworksBuildPhase section */

/* Begin PBXGroup section */
		EB4B144C20CC450100EC1349 = {
			isa = PBXGroup;
			children = (
				EB4B145720CC450100EC1349 /* Login */,
				EB4B146C20CC450200EC1349 /* LoginTests */,
				EB4B147720CC450200EC1349 /* LoginUITests */,
				EB4B145620CC450100EC1349 /* Products */,
			);
			sourceTree = "<group>";
		};
		EB4B145620CC450100EC1349 /* Products */ = {
			isa = PBXGroup;
			children = (
				EB4B145520CC450100EC1349 /* Login.app */,
				EB4B146920CC450200EC1349 /* LoginTests.xctest */,
				EB4B147420CC450200EC1349 /* LoginUITests.xctest */,
			);
			name = Products;
			sourceTree = "<group>";
		};
		EB4B145720CC450100EC1349 /* Login */ = {
			isa = PBXGroup;
			children = (
				EB4B145820CC450100EC1349 /* AppDelegate.swift */,
				EB4B145A20CC450100EC1349 /* ViewController.swift */,
				EB4B145C20CC450100EC1349 /* Main.storyboard */,
				EB4B145F20CC450200EC1349 /* Assets.xcassets */,
				EB4B146120CC450200EC1349 /* LaunchScreen.storyboard */,
				EB4B146420CC450200EC1349 /* Info.plist */,
			);
			path = Login;
			sourceTree = "<group>";
		};
		EB4B146C20CC450200EC1349 /* LoginTests */ = {
			isa = PBXGroup;
			children = (
				EB4B146D20CC450200EC1349 /* LoginTests.swift */,
				EB4B146F20CC450200EC1349 /* Info.plist */,
			);
			path = LoginTests;
			sourceTree = "<group>";
		};
		EB4B147720CC450200EC1349 /* LoginUITests */ = {
			isa = PBXGroup;
			children = (
				EB4B147820CC450200EC1349 /* LoginUITests.swift */,
				EB4B147A20CC450200EC1349 /* Info.plist */,
			);
			path = LoginUITests;
			sourceTree = "<group>";
		};
/* End PBXGroup section */

/* Begin PBXNativeTarget section */
		EB4B145420CC450100EC1349 /* Login */ = {
			isa = PBXNativeTarget;
			buildConfigurationList = EB4B147D20CC450200EC1349 /* Build configuration list for PBXNativeTarget "Login" */;
			buildPhases = (
				EB4B145120CC450100EC1349 /* Sources */,
				EB4B145220CC450100EC1349 /* Frameworks */,
				EB4B145320CC450100EC1349 /* Resources */,
			);
			buildRules = (
			);
			dependencies = (
			);
			name = Login;
			productName = Login;
			productReference = EB4B145520CC450100EC1349 /* Login.app */;
			productType = "com.apple.product-type.application";
		};
		EB4B146820CC450200EC1349 /* LoginTests */ = {
			isa = PBXNativeTarget;
			buildConfigurationList = EB4B148020CC450200EC1349 /* Build configuration list for PBXNativeTarget "LoginTests" */;
			buildPhases = (
				EB4B146520CC450200EC1349 /* Sources */,
				EB4B146620CC450200EC1349 /* Frameworks */,
				EB4B146720CC450200EC1349 /* Resources */,
			);
			buildRules = (
			);
			dependencies = (
				EB4B146B20CC450200EC1349 /* PBXTargetDependency */,
			);
			name = LoginTests;
			productName = LoginTests;
			productReference = EB4B146920CC450200EC1349 /* LoginTests.xctest */;
			productType = "com.apple.product-type.bundle.unit-test";
		};
		EB4B147320CC450200EC1349 /* LoginUITests */ = {
			isa = PBXNativeTarget;
			buildConfigurationList = EB4B148320CC450200EC1349 /* Build configuration list for PBXNativeTarget "LoginUITests" */;
			buildPhases = (
				EB4B147020CC450200EC1349 /* Sources */,
				EB4B147120CC450200EC1349 /* Frameworks */,
				EB4B147220CC450200EC1349 /* Resources */,
			);
			buildRules = (
			);
			dependencies = (
				EB4B147620CC450200EC1349 /* PBXTargetDependency */,
			);
			name = LoginUITests;
			productName = LoginUITests;
			productReference = EB4B147420CC450200EC1349 /* LoginUITests.xctest */;
			productType = "com.apple.product-type.bundle.ui-testing";
		};
/* End PBXNativeTarget section */

/* Begin PBXProject section */
		EB4B144D20CC450100EC1349 /* Project object */ = {
			isa = PBXProject;
			attributes = {
				LastSwiftUpdateCheck = 0940;
				LastUpgradeCheck = 0940;
				ORGANIZATIONNAME = "Evan Nemetz";
				TargetAttributes = {
					EB4B145420CC450100EC1349 = {
						CreatedOnToolsVersion = 9.4;
					};
					EB4B146820CC450200EC1349 = {
						CreatedOnToolsVersion = 9.4;
						TestTargetID = EB4B145420CC450100EC1349;
					};
					EB4B147320CC450200EC1349 = {
						CreatedOnToolsVersion = 9.4;
						TestTargetID = EB4B145420CC450100EC1349;
					};
				};
			};
			buildConfigurationList = EB4B145020CC450100EC1349 /* Build configuration list for PBXProject "Login" */;
			compatibilityVersion = "Xcode 9.3";
			developmentRegion = en;
			hasScannedForEncodings = 0;
			knownRegions = (
				en,
				Base,
			);
			mainGroup = EB4B144C20CC450100EC1349;
			productRefGroup = EB4B145620CC450100EC1349 /* Products */;
			projectDirPath = "";
			projectRoot = "";
			targets = (
				EB4B145420CC450100EC1349 /* Login */,
				EB4B146820CC450200EC1349 /* LoginTests */,
				EB4B147320CC450200EC1349 /* LoginUITests */,
			);
		};
/* End PBXProject section */

/* Begin PBXResourcesBuildPhase section */
		EB4B145320CC450100EC1349 /* Resources */ = {
			isa = PBXResourcesBuildPhase;
			buildActionMask = 2147483647;
			files = (
				EB4B146320CC450200EC1349 /* LaunchScreen.storyboard in Resources */,
				EB4B146020CC450200EC1349 /* Assets.xcassets in Resources */,
				EB4B145E20CC450100EC1349 /* Main.storyboard in Resources */,
			);
			runOnlyForDeploymentPostprocessing = 0;
		};
		EB4B146720CC450200EC1349 /* Resources */ = {
			isa = PBXResourcesBuildPhase;
			buildActionMask = 2147483647;
			files = (
			);
			runOnlyForDeploymentPostprocessing = 0;
		};
		EB4B147220CC450200EC1349 /* Resources */ = {
			isa = PBXResourcesBuildPhase;
			buildActionMask = 2147483647;
			files = (
			);
			runOnlyForDeploymentPostprocessing = 0;
		};
/* End PBXResourcesBuildPhase section */

/* Begin PBXSourcesBuildPhase section */
		EB4B145120CC450100EC1349 /* Sources */ = {
			isa = PBXSourcesBuildPhase;
			buildActionMask = 2147483647;
			files = (
				EB4B145B20CC450100EC1349 /* ViewController.swift in Sources */,
				EB4B145920CC450100EC1349 /* AppDelegate.swift in Sources */,
			);
			runOnlyForDeploymentPostprocessing = 0;
		};
		EB4B146520CC450200EC1349 /* Sources */ = {
			isa = PBXSourcesBuildPhase;
			buildActionMask = 2147483647;
			files = (
				EB4B146E20CC450200EC1349 /* LoginTests.swift in Sources */,
			);
			runOnlyForDeploymentPostprocessing = 0;
		};
		EB4B147020CC450200EC1349 /* Sources */ = {
			isa = PBXSourcesBuildPhase;
			buildActionMask = 2147483647;
			files = (
				EB4B147920CC450200EC1349 /* LoginUITests.swift in Sources */,
			);
			runOnlyForDeploymentPostprocessing = 0;
		};
/* End PBXSourcesBuildPhase section */

/* Begin PBXTargetDependency section */
		EB4B146B20CC450200EC1349 /* PBXTargetDependency */ = {
			isa = PBXTargetDependency;
			target = EB4B145420CC450100EC1349 /* Login */;
			targetProxy = EB4B146A20CC450200EC1349 /* PBXContainerItemProxy */;
		};
		EB4B147620CC450200EC1349 /* PBXTargetDependency */ = {
			isa = PBXTargetDependency;
			target = EB4B145420CC450100EC1349 /* Login */;
			targetProxy = EB4B147520CC450200EC1349 /* PBXContainerItemProxy */;
		};
/* End PBXTargetDependency section */

/* Begin PBXVariantGroup section */
		EB4B145C20CC450100EC1349 /* Main.storyboard */ = {
			isa = PBXVariantGroup;
			children = (
				EB4B145D20CC450100EC1349 /* Base */,
			);
			name = Main.storyboard;
			sourceTree = "<group>";
		};
		EB4B146120CC450200EC1349 /* LaunchScreen.storyboard */ = {
			isa = PBXVariantGroup;
			children = (
				EB4B146220CC450200EC1349 /* Base */,
			);
			name = LaunchScreen.storyboard;
			sourceTree = "<group>";
		};
/* End PBXVariantGroup section */

/* Begin XCBuildConfiguration section */
		EB4B147B20CC450200EC1349 /* Debug */ = {
			isa = XCBuildConfiguration;
			buildSettings = {
				ALWAYS_SEARCH_USER_PATHS = NO;
				CLANG_ANALYZER_NONNULL = YES;
				CLANG_ANALYZER_NUMBER_OBJECT_CONVERSION = YES_AGGRESSIVE;
				CLANG_CXX_LANGUAGE_STANDARD = "gnu++14";
				CLANG_CXX_LIBRARY = "libc++";
				CLANG_ENABLE_MODULES = YES;
				CLANG_ENABLE_OBJC_ARC = YES;
				CLANG_ENABLE_OBJC_WEAK = YES;
				CLANG_WARN_BLOCK_CAPTURE_AUTORELEASING = YES;
				CLANG_WARN_BOOL_CONVERSION = YES;
				CLANG_WARN_COMMA = YES;
				CLANG_WARN_CONSTANT_CONVERSION = YES;
				CLANG_WARN_DEPRECATED_OBJC_IMPLEMENTATIONS = YES;
				CLANG_WARN_DIRECT_OBJC_ISA_USAGE = YES_ERROR;
				CLANG_WARN_DOCUMENTATION_COMMENTS = YES;
				CLANG_WARN_EMPTY_BODY = YES;
				CLANG_WARN_ENUM_CONVERSION = YES;
				CLANG_WARN_INFINITE_RECURSION = YES;
				CLANG_WARN_INT_CONVERSION = YES;
				CLANG_WARN_NON_LITERAL_NULL_CONVERSION = YES;
				CLANG_WARN_OBJC_IMPLICIT_RETAIN_SELF = YES;
				CLANG_WARN_OBJC_LITERAL_CONVERSION = YES;
				CLANG_WARN_OBJC_ROOT_CLASS = YES_ERROR;
				CLANG_WARN_RANGE_LOOP_ANALYSIS = YES;
				CLANG_WARN_STRICT_PROTOTYPES = YES;
				CLANG_WARN_SUSPICIOUS_MOVE = YES;
				CLANG_WARN_UNGUARDED_AVAILABILITY = YES_AGGRESSIVE;
				CLANG_WARN_UNREACHABLE_CODE = YES;
				CLANG_WARN__DUPLICATE_METHOD_MATCH = YES;
				CODE_SIGN_IDENTITY = "iPhone Developer";
				COPY_PHASE_STRIP = NO;
				DEBUG_INFORMATION_FORMAT = dwarf;
				ENABLE_STRICT_OBJC_MSGSEND = YES;
				ENABLE_TESTABILITY = YES;
				GCC_C_LANGUAGE_STANDARD = gnu11;
				GCC_DYNAMIC_NO_PIC = NO;
				GCC_NO_COMMON_BLOCKS = YES;
				GCC_OPTIMIZATION_LEVEL = 0;
				GCC_PREPROCESSOR_DEFINITIONS = (
					"DEBUG=1",
					"$(inherited)",
				);
				GCC_WARN_64_TO_32_BIT_CONVERSION = YES;
				GCC_WARN_ABOUT_RETURN_TYPE = YES_ERROR;
				GCC_WARN_UNDECLARED_SELECTOR = YES;
				GCC_WARN_UNINITIALIZED_AUTOS = YES_AGGRESSIVE;
				GCC_WARN_UNUSED_FUNCTION = YES;
				GCC_WARN_UNUSED_VARIABLE = YES;
				IPHONEOS_DEPLOYMENT_TARGET = 11.4;
				MTL_ENABLE_DEBUG_INFO = YES;
				ONLY_ACTIVE_ARCH = YES;
				SDKROOT = iphoneos;
				SWIFT_ACTIVE_COMPILATION_CONDITIONS = DEBUG;
				SWIFT_OPTIMIZATION_LEVEL = "-Onone";
			};
			name = Debug;
		};
		EB4B147C20CC450200EC1349 /* Release */ = {
			isa = XCBuildConfiguration;
			buildSettings = {
				ALWAYS_SEARCH_USER_PATHS = NO;
				CLANG_ANALYZER_NONNULL = YES;
				CLANG_ANALYZER_NUMBER_OBJECT_CONVERSION = YES_AGGRESSIVE;
				CLANG_CXX_LANGUAGE_STANDARD = "gnu++14";
				CLANG_CXX_LIBRARY = "libc++";
				CLANG_ENABLE_MODULES = YES;
				CLANG_ENABLE_OBJC_ARC = YES;
				CLANG_ENABLE_OBJC_WEAK = YES;
				CLANG_WARN_BLOCK_CAPTURE_AUTORELEASING = YES;
				CLANG_WARN_BOOL_CONVERSION = YES;
				CLANG_WARN_COMMA = YES;
				CLANG_WARN_CONSTANT_CONVERSION = YES;
				CLANG_WARN_DEPRECATED_OBJC_IMPLEMENTATIONS = YES;
				CLANG_WARN_DIRECT_OBJC_ISA_USAGE = YES_ERROR;
				CLANG_WARN_DOCUMENTATION_COMMENTS = YES;
				CLANG_WARN_EMPTY_BODY = YES;
				CLANG_WARN_ENUM_CONVERSION = YES;
				CLANG_WARN_INFINITE_RECURSION = YES;
				CLANG_WARN_INT_CONVERSION = YES;
				CLANG_WARN_NON_LITERAL_NULL_CONVERSION = YES;
				CLANG_WARN_OBJC_IMPLICIT_RETAIN_SELF = YES;
				CLANG_WARN_OBJC_LITERAL_CONVERSION = YES;
				CLANG_WARN_OBJC_ROOT_CLASS = YES_ERROR;
				CLANG_WARN_RANGE_LOOP_ANALYSIS = YES;
				CLANG_WARN_STRICT_PROTOTYPES = YES;
				CLANG_WARN_SUSPICIOUS_MOVE = YES;
				CLANG_WARN_UNGUARDED_AVAILABILITY = YES_AGGRESSIVE;
				CLANG_WARN_UNREACHABLE_CODE = YES;
				CLANG_WARN__DUPLICATE_METHOD_MATCH = YES;
				CODE_SIGN_IDENTITY = "iPhone Developer";
				COPY_PHASE_STRIP = NO;
				DEBUG_INFORMATION_FORMAT = "dwarf-with-dsym";
				ENABLE_NS_ASSERTIONS = NO;
				ENABLE_STRICT_OBJC_MSGSEND = YES;
				GCC_C_LANGUAGE_STANDARD = gnu11;
				GCC_NO_COMMON_BLOCKS = YES;
				GCC_WARN_64_TO_32_BIT_CONVERSION = YES;
				GCC_WARN_ABOUT_RETURN_TYPE = YES_ERROR;
				GCC_WARN_UNDECLARED_SELECTOR = YES;
				GCC_WARN_UNINITIALIZED_AUTOS = YES_AGGRESSIVE;
				GCC_WARN_UNUSED_FUNCTION = YES;
				GCC_WARN_UNUSED_VARIABLE = YES;
				IPHONEOS_DEPLOYMENT_TARGET = 11.4;
				MTL_ENABLE_DEBUG_INFO = NO;
				SDKROOT = iphoneos;
				SWIFT_COMPILATION_MODE = wholemodule;
				SWIFT_OPTIMIZATION_LEVEL = "-O";
				VALIDATE_PRODUCT = YES;
			};
			name = Release;
		};
		EB4B147E20CC450200EC1349 /* Debug */ = {
			isa = XCBuildConfiguration;
			buildSettings = {
				ASSETCATALOG_COMPILER_APPICON_NAME = AppIcon;
				CODE_SIGN_STYLE = Automatic;
				DEVELOPMENT_TEAM = EPK7BR9K9E;
				INFOPLIST_FILE = Login/Info.plist;
				LD_RUNPATH_SEARCH_PATHS = (
					"$(inherited)",
					"@executable_path/Frameworks",
				);
				PRODUCT_BUNDLE_IDENTIFIER = com1.Login;
				PRODUCT_NAME = "$(TARGET_NAME)";
				SWIFT_VERSION = 4.0;
				TARGETED_DEVICE_FAMILY = "1,2";
			};
			name = Debug;
		};
		EB4B147F20CC450200EC1349 /* Release */ = {
			isa = XCBuildConfiguration;
			buildSettings = {
				ASSETCATALOG_COMPILER_APPICON_NAME = AppIcon;
				CODE_SIGN_STYLE = Automatic;
				DEVELOPMENT_TEAM = EPK7BR9K9E;
				INFOPLIST_FILE = Login/Info.plist;
				LD_RUNPATH_SEARCH_PATHS = (
					"$(inherited)",
					"@executable_path/Frameworks",
				);
				PRODUCT_BUNDLE_IDENTIFIER = com1.Login;
				PRODUCT_NAME = "$(TARGET_NAME)";
				SWIFT_VERSION = 4.0;
				TARGETED_DEVICE_FAMILY = "1,2";
			};
			name = Release;
		};
		EB4B148120CC450200EC1349 /* Debug */ = {
			isa = XCBuildConfiguration;
			buildSettings = {
				ALWAYS_EMBED_SWIFT_STANDARD_LIBRARIES = YES;
				BUNDLE_LOADER = "$(TEST_HOST)";
				CODE_SIGN_STYLE = Automatic;
				DEVELOPMENT_TEAM = EPK7BR9K9E;
				INFOPLIST_FILE = LoginTests/Info.plist;
				LD_RUNPATH_SEARCH_PATHS = (
					"$(inherited)",
					"@executable_path/Frameworks",
					"@loader_path/Frameworks",
				);
				PRODUCT_BUNDLE_IDENTIFIER = com.LoginTests;
				PRODUCT_NAME = "$(TARGET_NAME)";
				SWIFT_VERSION = 4.0;
				TARGETED_DEVICE_FAMILY = "1,2";
				TEST_HOST = "$(BUILT_PRODUCTS_DIR)/Login.app/Login";
			};
			name = Debug;
		};
		EB4B148220CC450200EC1349 /* Release */ = {
			isa = XCBuildConfiguration;
			buildSettings = {
				ALWAYS_EMBED_SWIFT_STANDARD_LIBRARIES = YES;
				BUNDLE_LOADER = "$(TEST_HOST)";
				CODE_SIGN_STYLE = Automatic;
				DEVELOPMENT_TEAM = EPK7BR9K9E;
				INFOPLIST_FILE = LoginTests/Info.plist;
				LD_RUNPATH_SEARCH_PATHS = (
					"$(inherited)",
					"@executable_path/Frameworks",
					"@loader_path/Frameworks",
				);
				PRODUCT_BUNDLE_IDENTIFIER = com.LoginTests;
				PRODUCT_NAME = "$(TARGET_NAME)";
				SWIFT_VERSION = 4.0;
				TARGETED_DEVICE_FAMILY = "1,2";
				TEST_HOST = "$(BUILT_PRODUCTS_DIR)/Login.app/Login";
			};
			name = Release;
		};
		EB4B148420CC450200EC1349 /* Debug */ = {
			isa = XCBuildConfiguration;
			buildSettings = {
				ALWAYS_EMBED_SWIFT_STANDARD_LIBRARIES = YES;
				CODE_SIGN_STYLE = Automatic;
				DEVELOPMENT_TEAM = EPK7BR9K9E;
				INFOPLIST_FILE = LoginUITests/Info.plist;
				LD_RUNPATH_SEARCH_PATHS = (
					"$(inherited)",
					"@executable_path/Frameworks",
					"@loader_path/Frameworks",
				);
				PRODUCT_BUNDLE_IDENTIFIER = com.LoginUITests;
				PRODUCT_NAME = "$(TARGET_NAME)";
				SWIFT_VERSION = 4.0;
				TARGETED_DEVICE_FAMILY = "1,2";
				TEST_TARGET_NAME = Login;
			};
			name = Debug;
		};
		EB4B148520CC450200EC1349 /* Release */ = {
			isa = XCBuildConfiguration;
			buildSettings = {
				ALWAYS_EMBED_SWIFT_STANDARD_LIBRARIES = YES;
				CODE_SIGN_STYLE = Automatic;
				DEVELOPMENT_TEAM = EPK7BR9K9E;
				INFOPLIST_FILE = LoginUITests/Info.plist;
				LD_RUNPATH_SEARCH_PATHS = (
					"$(inherited)",
					"@executable_path/Frameworks",
					"@loader_path/Frameworks",
				);
				PRODUCT_BUNDLE_IDENTIFIER = com.LoginUITests;
				PRODUCT_NAME = "$(TARGET_NAME)";
				SWIFT_VERSION = 4.0;
				TARGETED_DEVICE_FAMILY = "1,2";
				TEST_TARGET_NAME = Login;
			};
			name = Release;
		};
/* End XCBuildConfiguration section */

/* Begin XCConfigurationList section */
		EB4B145020CC450100EC1349 /* Build configuration list for PBXProject "Login" */ = {
			isa = XCConfigurationList;
			buildConfigurations = (
				EB4B147B20CC450200EC1349 /* Debug */,
				EB4B147C20CC450200EC1349 /* Release */,
			);
			defaultConfigurationIsVisible = 0;
			defaultConfigurationName = Release;
		};
		EB4B147D20CC450200EC1349 /* Build configuration list for PBXNativeTarget "Login" */ = {
			isa = XCConfigurationList;
			buildConfigurations = (
				EB4B147E20CC450200EC1349 /* Debug */,
				EB4B147F20CC450200EC1349 /* Release */,
			);
			defaultConfigurationIsVisible = 0;
			defaultConfigurationName = Release;
		};
		EB4B148020CC450200EC1349 /* Build configuration list for PBXNativeTarget "LoginTests" */ = {
			isa = XCConfigurationList;
			buildConfigurations = (
				EB4B148120CC450200EC1349 /* Debug */,
				EB4B148220CC450200EC1349 /* Release */,
			);
			defaultConfigurationIsVisible = 0;
			defaultConfigurationName = Release;
		};
		EB4B148320CC450200EC1349 /* Build configuration list for PBXNativeTarget "LoginUITests" */ = {
			isa = XCConfigurationList;
			buildConfigurations = (
				EB4B148420CC450200EC1349 /* Debug */,
				EB4B148520CC450200EC1349 /* Release */,
			);
			defaultConfigurationIsVisible = 0;
			defaultConfigurationName = Release;
		};
/* End XCConfigurationList section */
	};
	rootObject = EB4B144D20CC450100EC1349 /* Project object */;
}
